
Microsoft Visual Studio Solution File, Format Version 12.00
# Visual Studio Version 17
VisualStudioVersion = 17.9.34728.123
MinimumVisualStudioVersion = 10.0.40219.1
Project("{FAE04EC0-301F-11D3-BF4B-00C04F79EFBC}") = "WinFormsApp1", "WinFormsApp1.csproj", "{5C265227-D35D-4A0A-8571-5903D2C9A264}"
EndProject
Global
	GlobalSection(SolutionConfigurationPlatforms) = preSolution
		Debug|Any CPU = Debug|Any CPU
		Release|Any CPU = Release|Any CPU
	EndGlobalSection
	GlobalSection(ProjectConfigurationPlatforms) = postSolution
		{5C265227-D35D-4A0A-8571-5903D2C9A264}.Debug|Any CPU.ActiveCfg = Debug|Any CPU
		{5C265227-D35D-4A0A-8571-5903D2C9A264}.Debug|Any CPU.Build.0 = Debug|Any CPU
		{5C265227-D35D-4A0A-8571-5903D2C9A264}.Release|Any CPU.ActiveCfg = Release|Any CPU
		{5C265227-D35D-4A0A-8571-5903D2C9A264}.Release|Any CPU.Build.0 = Release|Any CPU
	EndGlobalSection
	GlobalSection(SolutionProperties) = preSolution
		HideSolutionNode = FALSE
	EndGlobalSection
	GlobalSection(ExtensibilityGlobals) = postSolution
		SolutionGuid = {40CF4E08-F7E8-42AB-9BDD-64FA256BD8D9}
	EndGlobalSection
EndGlobal
