
Microsoft Visual Studio Solution File, Format Version 12.00
# Visual Studio Version 17
VisualStudioVersion = 17.9.34728.123
MinimumVisualStudioVersion = 10.0.40219.1
Project("{9A19103F-16F7-4668-BE54-9A1E7A4F7556}") = "CalculatorLibrary", "CalculatorLibrary.csproj", "{E8E313BF-99E9-4834-B32D-EEC2DEADA9CF}"
EndProject
Project("{FAE04EC0-301F-11D3-BF4B-00C04F79EFBC}") = "CalculadoraInifix", "..\CalculadoraInifix\CalculadoraInifix.csproj", "{8F1415FD-A1AD-42CB-B320-FB33507E8647}"
EndProject
Global
	GlobalSection(SolutionConfigurationPlatforms) = preSolution
		Debug|Any CPU = Debug|Any CPU
		Release|Any CPU = Release|Any CPU
	EndGlobalSection
	GlobalSection(ProjectConfigurationPlatforms) = postSolution
		{E8E313BF-99E9-4834-B32D-EEC2DEADA9CF}.Debug|Any CPU.ActiveCfg = Debug|Any CPU
		{E8E313BF-99E9-4834-B32D-EEC2DEADA9CF}.Debug|Any CPU.Build.0 = Debug|Any CPU
		{E8E313BF-99E9-4834-B32D-EEC2DEADA9CF}.Release|Any CPU.ActiveCfg = Release|Any CPU
		{E8E313BF-99E9-4834-B32D-EEC2DEADA9CF}.Release|Any CPU.Build.0 = Release|Any CPU
		{8F1415FD-A1AD-42CB-B320-FB33507E8647}.Debug|Any CPU.ActiveCfg = Debug|Any CPU
		{8F1415FD-A1AD-42CB-B320-FB33507E8647}.Debug|Any CPU.Build.0 = Debug|Any CPU
		{8F1415FD-A1AD-42CB-B320-FB33507E8647}.Release|Any CPU.ActiveCfg = Release|Any CPU
		{8F1415FD-A1AD-42CB-B320-FB33507E8647}.Release|Any CPU.Build.0 = Release|Any CPU
	EndGlobalSection
	GlobalSection(SolutionProperties) = preSolution
		HideSolutionNode = FALSE
	EndGlobalSection
	GlobalSection(ExtensibilityGlobals) = postSolution
		SolutionGuid = {2BEE8C30-723C-40B3-9E87-40252ADF4365}
	EndGlobalSection
EndGlobal
